// !$*UTF8*$!
{
	archiveVersion = 1;
	classes = {
	};
	objectVersion = 46;
	objects = {

/* Begin PBXBuildFile section */
		22210FBF1DB1C1B200C1E841 /* AppDelegate.swift in Sources */ = {isa = PBXBuildFile; fileRef = 22210FBE1DB1C1B200C1E841 /* AppDelegate.swift */; };
		22210FC11DB1C1B200C1E841 /* HandVC.swift in Sources */ = {isa = PBXBuildFile; fileRef = 22210FC01DB1C1B200C1E841 /* HandVC.swift */; };
		22210FC41DB1C1B200C1E841 /* Main.storyboard in Resources */ = {isa = PBXBuildFile; fileRef = 22210FC21DB1C1B200C1E841 /* Main.storyboard */; };
		22210FC61DB1C1B200C1E841 /* Assets.xcassets in Resources */ = {isa = PBXBuildFile; fileRef = 22210FC51DB1C1B200C1E841 /* Assets.xcassets */; };
		22210FC91DB1C1B200C1E841 /* LaunchScreen.storyboard in Resources */ = {isa = PBXBuildFile; fileRef = 22210FC71DB1C1B200C1E841 /* LaunchScreen.storyboard */; };
		22210FD11DB1C37800C1E841 /* Hand.swift in Sources */ = {isa = PBXBuildFile; fileRef = 22210FD01DB1C37800C1E841 /* Hand.swift */; };
/* End PBXBuildFile section */

/* Begin PBXFileReference section */
		22210FBB1DB1C1B200C1E841 /* UsingAllTheTools.app */ = {isa = PBXFileReference; explicitFileType = wrapper.application; includeInIndex = 0; path = UsingAllTheTools.app; sourceTree = BUILT_PRODUCTS_DIR; };
		22210FBE1DB1C1B200C1E841 /* AppDelegate.swift */ = {isa = PBXFileReference; lastKnownFileType = sourcecode.swift; path = AppDelegate.swift; sourceTree = "<group>"; };
		22210FC01DB1C1B200C1E841 /* HandVC.swift */ = {isa = PBXFileReference; lastKnownFileType = sourcecode.swift; path = HandVC.swift; sourceTree = "<group>"; };
		22210FC31DB1C1B200C1E841 /* Base */ = {isa = PBXFileReference; lastKnownFileType = file.storyboard; name = Base; path = Base.lproj/Main.storyboard; sourceTree = "<group>"; };
		22210FC51DB1C1B200C1E841 /* Assets.xcassets */ = {isa = PBXFileReference; lastKnownFileType = folder.assetcatalog; path = Assets.xcassets; sourceTree = "<group>"; };
		22210FC81DB1C1B200C1E841 /* Base */ = {isa = PBXFileReference; lastKnownFileType = file.storyboard; name = Base; path = Base.lproj/LaunchScreen.storyboard; sourceTree = "<group>"; };
		22210FCA1DB1C1B200C1E841 /* Info.plist */ = {isa = PBXFileReference; lastKnownFileType = text.plist.xml; path = Info.plist; sourceTree = "<group>"; };
		22210FD01DB1C37800C1E841 /* Hand.swift */ = {isa = PBXFileReference; fileEncoding = 4; lastKnownFileType = sourcecode.swift; path = Hand.swift; sourceTree = "<group>"; };
/* End PBXFileReference section */

/* Begin PBXFrameworksBuildPhase section */
		22210FB81DB1C1B100C1E841 /* Frameworks */ = {
			isa = PBXFrameworksBuildPhase;
			buildActionMask = 2147483647;
			files = (
			);
			runOnlyForDeploymentPostprocessing = 0;
		};
/* End PBXFrameworksBuildPhase section */

/* Begin PBXGroup section */
		22210FB21DB1C1B100C1E841 = {
			isa = PBXGroup;
			children = (
				22210FBD1DB1C1B200C1E841 /* UsingAllTheTools */,
				22210FBC1DB1C1B200C1E841 /* Products */,
			);
			sourceTree = "<group>";
		};
		22210FBC1DB1C1B200C1E841 /* Products */ = {
			isa = PBXGroup;
			children = (
				22210FBB1DB1C1B200C1E841 /* UsingAllTheTools.app */,
			);
			name = Products;
			sourceTree = "<group>";
		};
		22210FBD1DB1C1B200C1E841 /* UsingAllTheTools */ = {
			isa = PBXGroup;
			children = (
				22210FBE1DB1C1B200C1E841 /* AppDelegate.swift */,
				22210FC01DB1C1B200C1E841 /* HandVC.swift */,
				22210FD01DB1C37800C1E841 /* Hand.swift */,
				22210FC21DB1C1B200C1E841 /* Main.storyboard */,
				22210FC51DB1C1B200C1E841 /* Assets.xcassets */,
				22210FC71DB1C1B200C1E841 /* LaunchScreen.storyboard */,
				22210FCA1DB1C1B200C1E841 /* Info.plist */,
			);
			path = UsingAllTheTools;
			sourceTree = "<group>";
		};
/* End PBXGroup section */

/* Begin PBXNativeTarget section */
		22210FBA1DB1C1B100C1E841 /* UsingAllTheTools */ = {
			isa = PBXNativeTarget;
			buildConfigurationList = 22210FCD1DB1C1B200C1E841 /* Build configuration list for PBXNativeTarget "UsingAllTheTools" */;
			buildPhases = (
				22210FB71DB1C1B100C1E841 /* Sources */,
				22210FB81DB1C1B100C1E841 /* Frameworks */,
				22210FB91DB1C1B100C1E841 /* Resources */,
			);
			buildRules = (
			);
			dependencies = (
			);
			name = UsingAllTheTools;
			productName = UsingAllTheTools;
			productReference = 22210FBB1DB1C1B200C1E841 /* UsingAllTheTools.app */;
			productType = "com.apple.product-type.application";
		};
/* End PBXNativeTarget section */

/* Begin PBXProject section */
		22210FB31DB1C1B100C1E841 /* Project object */ = {
			isa = PBXProject;
			attributes = {
				LastSwiftUpdateCheck = 0800;
				LastUpgradeCheck = 0800;
				ORGANIZATIONNAME = SWillsea;
				TargetAttributes = {
					22210FBA1DB1C1B100C1E841 = {
						CreatedOnToolsVersion = 8.0;
						LastSwiftMigration = 0800;
						ProvisioningStyle = Automatic;
					};
				};
			};
			buildConfigurationList = 22210FB61DB1C1B100C1E841 /* Build configuration list for PBXProject "UsingAllTheTools" */;
			compatibilityVersion = "Xcode 3.2";
			developmentRegion = English;
			hasScannedForEncodings = 0;
			knownRegions = (
				en,
				Base,
			);
			mainGroup = 22210FB21DB1C1B100C1E841;
			productRefGroup = 22210FBC1DB1C1B200C1E841 /* Products */;
			projectDirPath = "";
			projectRoot = "";
			targets = (
				22210FBA1DB1C1B100C1E841 /* UsingAllTheTools */,
			);
		};
/* End PBXProject section */

/* Begin PBXResourcesBuildPhase section */
		22210FB91DB1C1B100C1E841 /* Resources */ = {
			isa = PBXResourcesBuildPhase;
			buildActionMask = 2147483647;
			files = (
				22210FC91DB1C1B200C1E841 /* LaunchScreen.storyboard in Resources */,
				22210FC61DB1C1B200C1E841 /* Assets.xcassets in Resources */,
				22210FC41DB1C1B200C1E841 /* Main.storyboard in Resources */,
			);
			runOnlyForDeploymentPostprocessing = 0;
		};
/* End PBXResourcesBuildPhase section */

/* Begin PBXSourcesBuildPhase section */
		22210FB71DB1C1B100C1E841 /* Sources */ = {
			isa = PBXSourcesBuildPhase;
			buildActionMask = 2147483647;
			files = (
				22210FC11DB1C1B200C1E841 /* HandVC.swift in Sources */,
				22210FBF1DB1C1B200C1E841 /* AppDelegate.swift in Sources */,
				22210FD11DB1C37800C1E841 /* Hand.swift in Sources */,
			);
			runOnlyForDeploymentPostprocessing = 0;
		};
/* End PBXSourcesBuildPhase section */

/* Begin PBXVariantGroup section */
		22210FC21DB1C1B200C1E841 /* Main.storyboard */ = {
			isa = PBXVariantGroup;
			children = (
				22210FC31DB1C1B200C1E841 /* Base */,
			);
			name = Main.storyboard;
			sourceTree = "<group>";
		};
		22210FC71DB1C1B200C1E841 /* LaunchScreen.storyboard */ = {
			isa = PBXVariantGroup;
			children = (
				22210FC81DB1C1B200C1E841 /* Base */,
			);
			name = LaunchScreen.storyboard;
			sourceTree = "<group>";
		};
/* End PBXVariantGroup section */

/* Begin XCBuildConfiguration section */
		22210FCB1DB1C1B200C1E841 /* Debug */ = {
			isa = XCBuildConfiguration;
			buildSettings = {
				ALWAYS_SEARCH_USER_PATHS = NO;
				CLANG_ANALYZER_NONNULL = YES;
				CLANG_CXX_LANGUAGE_STANDARD = "gnu++0x";
				CLANG_CXX_LIBRARY = "libc++";
				CLANG_ENABLE_MODULES = YES;
				CLANG_ENABLE_OBJC_ARC = YES;
				CLANG_WARN_BOOL_CONVERSION = YES;
				CLANG_WARN_CONSTANT_CONVERSION = YES;
				CLANG_WARN_DIRECT_OBJC_ISA_USAGE = YES_ERROR;
				CLANG_WARN_DOCUMENTATION_COMMENTS = YES;
				CLANG_WARN_EMPTY_BODY = YES;
				CLANG_WARN_ENUM_CONVERSION = YES;
				CLANG_WARN_INFINITE_RECURSION = YES;
				CLANG_WARN_INT_CONVERSION = YES;
				CLANG_WARN_OBJC_ROOT_CLASS = YES_ERROR;
				CLANG_WARN_SUSPICIOUS_MOVES = YES;
				CLANG_WARN_UNREACHABLE_CODE = YES;
				CLANG_WARN__DUPLICATE_METHOD_MATCH = YES;
				"CODE_SIGN_IDENTITY[sdk=iphoneos*]" = "iPhone Developer";
				COPY_PHASE_STRIP = NO;
				DEBUG_INFORMATION_FORMAT = dwarf;
				ENABLE_STRICT_OBJC_MSGSEND = YES;
				ENABLE_TESTABILITY = YES;
				GCC_C_LANGUAGE_STANDARD = gnu99;
				GCC_DYNAMIC_NO_PIC = NO;
				GCC_NO_COMMON_BLOCKS = YES;
				GCC_OPTIMIZATION_LEVEL = 0;
				GCC_PREPROCESSOR_DEFINITIONS = (
					"DEBUG=1",
					"$(inherited)",
				);
				GCC_WARN_64_TO_32_BIT_CONVERSION = YES;
				GCC_WARN_ABOUT_RETURN_TYPE = YES_ERROR;
				GCC_WARN_UNDECLARED_SELECTOR = YES;
				GCC_WARN_UNINITIALIZED_AUTOS = YES_AGGRESSIVE;
				GCC_WARN_UNUSED_FUNCTION = YES;
				GCC_WARN_UNUSED_VARIABLE = YES;
				IPHONEOS_DEPLOYMENT_TARGET = 10.0;
				MTL_ENABLE_DEBUG_INFO = YES;
				ONLY_ACTIVE_ARCH = YES;
				SDKROOT = iphoneos;
				SWIFT_ACTIVE_COMPILATION_CONDITIONS = DEBUG;
				SWIFT_OPTIMIZATION_LEVEL = "-Onone";
			};
			name = Debug;
		};
		22210FCC1DB1C1B200C1E841 /* Release */ = {
			isa = XCBuildConfiguration;
			buildSettings = {
				ALWAYS_SEARCH_USER_PATHS = NO;
				CLANG_ANALYZER_NONNULL = YES;
				CLANG_CXX_LANGUAGE_STANDARD = "gnu++0x";
				CLANG_CXX_LIBRARY = "libc++";
				CLANG_ENABLE_MODULES = YES;
				CLANG_ENABLE_OBJC_ARC = YES;
				CLANG_WARN_BOOL_CONVERSION = YES;
				CLANG_WARN_CONSTANT_CONVERSION = YES;
				CLANG_WARN_DIRECT_OBJC_ISA_USAGE = YES_ERROR;
				CLANG_WARN_DOCUMENTATION_COMMENTS = YES;
				CLANG_WARN_EMPTY_BODY = YES;
				CLANG_WARN_ENUM_CONVERSION = YES;
				CLANG_WARN_INFINITE_RECURSION = YES;
				CLANG_WARN_INT_CONVERSION = YES;
				CLANG_WARN_OBJC_ROOT_CLASS = YES_ERROR;
				CLANG_WARN_SUSPICIOUS_MOVES = YES;
				CLANG_WARN_UNREACHABLE_CODE = YES;
				CLANG_WARN__DUPLICATE_METHOD_MATCH = YES;
				"CODE_SIGN_IDENTITY[sdk=iphoneos*]" = "iPhone Developer";
				COPY_PHASE_STRIP = NO;
				DEBUG_INFORMATION_FORMAT = "dwarf-with-dsym";
				ENABLE_NS_ASSERTIONS = NO;
				ENABLE_STRICT_OBJC_MSGSEND = YES;
				GCC_C_LANGUAGE_STANDARD = gnu99;
				GCC_NO_COMMON_BLOCKS = YES;
				GCC_WARN_64_TO_32_BIT_CONVERSION = YES;
				GCC_WARN_ABOUT_RETURN_TYPE = YES_ERROR;
				GCC_WARN_UNDECLARED_SELECTOR = YES;
				GCC_WARN_UNINITIALIZED_AUTOS = YES_AGGRESSIVE;
				GCC_WARN_UNUSED_FUNCTION = YES;
				GCC_WARN_UNUSED_VARIABLE = YES;
				IPHONEOS_DEPLOYMENT_TARGET = 10.0;
				MTL_ENABLE_DEBUG_INFO = NO;
				SDKROOT = iphoneos;
				SWIFT_OPTIMIZATION_LEVEL = "-Owholemodule";
				VALIDATE_PRODUCT = YES;
			};
			name = Release;
		};
		22210FCE1DB1C1B200C1E841 /* Debug */ = {
			isa = XCBuildConfiguration;
			buildSettings = {
				ASSETCATALOG_COMPILER_APPICON_NAME = AppIcon;
				INFOPLIST_FILE = UsingAllTheTools/Info.plist;
				LD_RUNPATH_SEARCH_PATHS = "$(inherited) @executable_path/Frameworks";
				PRODUCT_BUNDLE_IDENTIFIER = com.swillsea.UsingAllTheTools;
				PRODUCT_NAME = "$(TARGET_NAME)";
				SWIFT_VERSION = 3.0;
			};
			name = Debug;
		};
		22210FCF1DB1C1B200C1E841 /* Release */ = {
			isa = XCBuildConfiguration;
			buildSettings = {
				ASSETCATALOG_COMPILER_APPICON_NAME = AppIcon;
				INFOPLIST_FILE = UsingAllTheTools/Info.plist;
				LD_RUNPATH_SEARCH_PATHS = "$(inherited) @executable_path/Frameworks";
				PRODUCT_BUNDLE_IDENTIFIER = com.swillsea.UsingAllTheTools;
				PRODUCT_NAME = "$(TARGET_NAME)";
				SWIFT_VERSION = 3.0;
			};
			name = Release;
		};
/* End XCBuildConfiguration section */

/* Begin XCConfigurationList section */
		22210FB61DB1C1B100C1E841 /* Build configuration list for PBXProject "UsingAllTheTools" */ = {
			isa = XCConfigurationList;
			buildConfigurations = (
				22210FCB1DB1C1B200C1E841 /* Debug */,
				22210FCC1DB1C1B200C1E841 /* Release */,
			);
			defaultConfigurationIsVisible = 0;
			defaultConfigurationName = Release;
		};
		22210FCD1DB1C1B200C1E841 /* Build configuration list for PBXNativeTarget "UsingAllTheTools" */ = {
			isa = XCConfigurationList;
			buildConfigurations = (
				22210FCE1DB1C1B200C1E841 /* Debug */,
				22210FCF1DB1C1B200C1E841 /* Release */,
			);
			defaultConfigurationIsVisible = 0;
		};
/* End XCConfigurationList section */
	};
	rootObject = 22210FB31DB1C1B100C1E841 /* Project object */;
}
